
Microsoft Visual Studio Solution File, Format Version 12.00
# Visual Studio 2017
Project("{FAE04EC0-301F-11D3-BF4B-00C04F79EFBC}") = "Kingdom", "Kingdom.csproj", "{CBB2A9EC-904F-BCB6-273E-67DFE41966DA}"
EndProject
Global
	GlobalSection(SolutionConfigurationPlatforms) = preSolution
		Debug|Any CPU = Debug|Any CPU
		Release|Any CPU = Release|Any CPU
	EndGlobalSection
	GlobalSection(ProjectConfigurationPlatforms) = postSolution
		{CBB2A9EC-904F-BCB6-273E-67DFE41966DA}.Debug|Any CPU.ActiveCfg = Debug|Any CPU
		{CBB2A9EC-904F-BCB6-273E-67DFE41966DA}.Debug|Any CPU.Build.0 = Debug|Any CPU
		{CBB2A9EC-904F-BCB6-273E-67DFE41966DA}.Release|Any CPU.ActiveCfg = Release|Any CPU
		{CBB2A9EC-904F-BCB6-273E-67DFE41966DA}.Release|Any CPU.Build.0 = Release|Any CPU
	EndGlobalSection
	GlobalSection(SolutionProperties) = preSolution
		HideSolutionNode = FALSE
	EndGlobalSection
EndGlobal
